
Microsoft Visual Studio Solution File, Format Version 12.00
# Visual Studio Version 16
VisualStudioVersion = 16.0.30002.166
MinimumVisualStudioVersion = 10.0.40219.1
Project("{8BC9CEB8-8B4A-11D0-8D11-00A0C91BC942}") = "Chap07_Again", "Chap07_Again\Chap07_Again.vcxproj", "{3ACBDC7E-9B8B-474E-AEB2-8E52CF8B81AF}"
EndProject
Global
	GlobalSection(SolutionConfigurationPlatforms) = preSolution
		Debug|x64 = Debug|x64
		Debug|x86 = Debug|x86
		Release|x64 = Release|x64
		Release|x86 = Release|x86
	EndGlobalSection
	GlobalSection(ProjectConfigurationPlatforms) = postSolution
		{3ACBDC7E-9B8B-474E-AEB2-8E52CF8B81AF}.Debug|x64.ActiveCfg = Debug|x64
		{3ACBDC7E-9B8B-474E-AEB2-8E52CF8B81AF}.Debug|x64.Build.0 = Debug|x64
		{3ACBDC7E-9B8B-474E-AEB2-8E52CF8B81AF}.Debug|x86.ActiveCfg = Debug|Win32
		{3ACBDC7E-9B8B-474E-AEB2-8E52CF8B81AF}.Debug|x86.Build.0 = Debug|Win32
		{3ACBDC7E-9B8B-474E-AEB2-8E52CF8B81AF}.Release|x64.ActiveCfg = Release|x64
		{3ACBDC7E-9B8B-474E-AEB2-8E52CF8B81AF}.Release|x64.Build.0 = Release|x64
		{3ACBDC7E-9B8B-474E-AEB2-8E52CF8B81AF}.Release|x86.ActiveCfg = Release|Win32
		{3ACBDC7E-9B8B-474E-AEB2-8E52CF8B81AF}.Release|x86.Build.0 = Release|Win32
	EndGlobalSection
	GlobalSection(SolutionProperties) = preSolution
		HideSolutionNode = FALSE
	EndGlobalSection
	GlobalSection(ExtensibilityGlobals) = postSolution
		SolutionGuid = {0095B570-B077-436D-85BC-4A8BF7E4A2D8}
	EndGlobalSection
EndGlobal
